
Microsoft Visual Studio Solution File, Format Version 12.00
# Visual Studio 15
VisualStudioVersion = 15.0.28307.572
MinimumVisualStudioVersion = 10.0.40219.1
Project("{FAE04EC0-301F-11D3-BF4B-00C04F79EFBC}") = "SansaraCW", "SansaraCW\SansaraCW.csproj", "{CFB92561-05F2-483E-9AA3-755ADE7C307B}"
EndProject
Project("{FAE04EC0-301F-11D3-BF4B-00C04F79EFBC}") = "Sansara.Database", "Sansara.Database\Sansara.Database.csproj", "{03E551DC-E21E-42EE-B065-9BDBA1874C24}"
EndProject
Global
	GlobalSection(SolutionConfigurationPlatforms) = preSolution
		Debug|Any CPU = Debug|Any CPU
		Release|Any CPU = Release|Any CPU
	EndGlobalSection
	GlobalSection(ProjectConfigurationPlatforms) = postSolution
		{CFB92561-05F2-483E-9AA3-755ADE7C307B}.Debug|Any CPU.ActiveCfg = Debug|Any CPU
		{CFB92561-05F2-483E-9AA3-755ADE7C307B}.Debug|Any CPU.Build.0 = Debug|Any CPU
		{CFB92561-05F2-483E-9AA3-755ADE7C307B}.Release|Any CPU.ActiveCfg = Release|Any CPU
		{CFB92561-05F2-483E-9AA3-755ADE7C307B}.Release|Any CPU.Build.0 = Release|Any CPU
		{03E551DC-E21E-42EE-B065-9BDBA1874C24}.Debug|Any CPU.ActiveCfg = Debug|Any CPU
		{03E551DC-E21E-42EE-B065-9BDBA1874C24}.Debug|Any CPU.Build.0 = Debug|Any CPU
		{03E551DC-E21E-42EE-B065-9BDBA1874C24}.Release|Any CPU.ActiveCfg = Release|Any CPU
		{03E551DC-E21E-42EE-B065-9BDBA1874C24}.Release|Any CPU.Build.0 = Release|Any CPU
	EndGlobalSection
	GlobalSection(SolutionProperties) = preSolution
		HideSolutionNode = FALSE
	EndGlobalSection
	GlobalSection(ExtensibilityGlobals) = postSolution
		SolutionGuid = {036D849F-CFDA-4682-AA42-954A65E77812}
	EndGlobalSection
EndGlobal
